
Microsoft Visual Studio Solution File, Format Version 12.00
# Visual Studio 15
VisualStudioVersion = 15.0.28010.2048
MinimumVisualStudioVersion = 10.0.40219.1
Project("{FAE04EC0-301F-11D3-BF4B-00C04F79EFBC}") = "CodeWars", "CodeWars\CodeWars.csproj", "{EEC8EBB7-A396-497D-A53E-33201B9AF883}"
EndProject
Global
	GlobalSection(SolutionConfigurationPlatforms) = preSolution
		Debug|Any CPU = Debug|Any CPU
		Release|Any CPU = Release|Any CPU
	EndGlobalSection
	GlobalSection(ProjectConfigurationPlatforms) = postSolution
		{EEC8EBB7-A396-497D-A53E-33201B9AF883}.Debug|Any CPU.ActiveCfg = Debug|Any CPU
		{EEC8EBB7-A396-497D-A53E-33201B9AF883}.Debug|Any CPU.Build.0 = Debug|Any CPU
		{EEC8EBB7-A396-497D-A53E-33201B9AF883}.Release|Any CPU.ActiveCfg = Release|Any CPU
		{EEC8EBB7-A396-497D-A53E-33201B9AF883}.Release|Any CPU.Build.0 = Release|Any CPU
	EndGlobalSection
	GlobalSection(SolutionProperties) = preSolution
		HideSolutionNode = FALSE
	EndGlobalSection
	GlobalSection(ExtensibilityGlobals) = postSolution
		SolutionGuid = {EEEF321E-5555-464C-B964-3E2A0A0791D5}
	EndGlobalSection
EndGlobal
